// !$*UTF8*$!
{
	archiveVersion = 1;
	classes = {
	};
	objectVersion = 50;
	objects = {

/* Begin PBXBuildFile section */
		DEB1DBFC218E091700824003 /* ElastosWalletLib.framework in Frameworks */ = {isa = PBXBuildFile; fileRef = DEB1DBFB218E091700824003 /* ElastosWalletLib.framework */; };
		DEB1DBFE218E0A6700824003 /* ElastosWalletLib.framework in Embed Frameworks */ = {isa = PBXBuildFile; fileRef = DEB1DBFB218E091700824003 /* ElastosWalletLib.framework */; settings = {ATTRIBUTES = (CodeSignOnCopy, RemoveHeadersOnCopy, ); }; };
		DED52562218DF4C800619F59 /* Elastos_ORG_Wallet_Lib.h in Headers */ = {isa = PBXBuildFile; fileRef = DED52560218DF4C800619F59 /* Elastos_ORG_Wallet_Lib.h */; settings = {ATTRIBUTES = (Public, ); }; };
		DEDB2488218DF5F300F07F42 /* StringExtension.swift in Sources */ = {isa = PBXBuildFile; fileRef = DEDB2485218DF5F200F07F42 /* StringExtension.swift */; };
		DEDB2489218DF5F300F07F42 /* ElastosWallet.swift in Sources */ = {isa = PBXBuildFile; fileRef = DEDB2486218DF5F200F07F42 /* ElastosWallet.swift */; };
		DEDB248D218DF66900F07F42 /* Elastos.Wallet.Utility.framework in Frameworks */ = {isa = PBXBuildFile; fileRef = DEDB248B218DF66900F07F42 /* Elastos.Wallet.Utility.framework */; };
		DEDB248E218DF66900F07F42 /* openssl.framework in Frameworks */ = {isa = PBXBuildFile; fileRef = DEDB248C218DF66900F07F42 /* openssl.framework */; };
		DEDB2496218DF71C00F07F42 /* AppDelegate.swift in Sources */ = {isa = PBXBuildFile; fileRef = DEDB2495218DF71C00F07F42 /* AppDelegate.swift */; };
		DEDB2498218DF71C00F07F42 /* ViewController.swift in Sources */ = {isa = PBXBuildFile; fileRef = DEDB2497218DF71C00F07F42 /* ViewController.swift */; };
		DEDB249B218DF71C00F07F42 /* Main.storyboard in Resources */ = {isa = PBXBuildFile; fileRef = DEDB2499218DF71C00F07F42 /* Main.storyboard */; };
		DEDB249D218DF71D00F07F42 /* Assets.xcassets in Resources */ = {isa = PBXBuildFile; fileRef = DEDB249C218DF71D00F07F42 /* Assets.xcassets */; };
		DEDB24A0218DF71D00F07F42 /* LaunchScreen.storyboard in Resources */ = {isa = PBXBuildFile; fileRef = DEDB249E218DF71D00F07F42 /* LaunchScreen.storyboard */; };
		DEDB24A7218DF76100F07F42 /* ElastosWallet.swift in Headers */ = {isa = PBXBuildFile; fileRef = DEDB2486218DF5F200F07F42 /* ElastosWallet.swift */; settings = {ATTRIBUTES = (Public, ); }; };
/* End PBXBuildFile section */

/* Begin PBXCopyFilesBuildPhase section */
		DEB1DBFF218E0A6700824003 /* Embed Frameworks */ = {
			isa = PBXCopyFilesBuildPhase;
			buildActionMask = 2147483647;
			dstPath = "";
			dstSubfolderSpec = 10;
			files = (
				DEB1DBFE218E0A6700824003 /* ElastosWalletLib.framework in Embed Frameworks */,
			);
			name = "Embed Frameworks";
			runOnlyForDeploymentPostprocessing = 0;
		};
/* End PBXCopyFilesBuildPhase section */

/* Begin PBXFileReference section */
		DEB1DBFB218E091700824003 /* ElastosWalletLib.framework */ = {isa = PBXFileReference; lastKnownFileType = wrapper.framework; name = ElastosWalletLib.framework; path = "build/Release-iphoneos/ElastosWalletLib.framework"; sourceTree = "<group>"; };
		DED5255D218DF4C800619F59 /* ElastosWalletLib.framework */ = {isa = PBXFileReference; explicitFileType = wrapper.framework; includeInIndex = 0; path = ElastosWalletLib.framework; sourceTree = BUILT_PRODUCTS_DIR; };
		DED52560218DF4C800619F59 /* Elastos_ORG_Wallet_Lib.h */ = {isa = PBXFileReference; lastKnownFileType = sourcecode.c.h; path = Elastos_ORG_Wallet_Lib.h; sourceTree = "<group>"; };
		DED52561218DF4C800619F59 /* Info.plist */ = {isa = PBXFileReference; lastKnownFileType = text.plist.xml; path = Info.plist; sourceTree = "<group>"; };
		DEDB2484218DF5F200F07F42 /* Elastos.ORG.Wallet.Lib.iOS-Bridging-Header.h */ = {isa = PBXFileReference; fileEncoding = 4; lastKnownFileType = sourcecode.c.h; path = "Elastos.ORG.Wallet.Lib.iOS-Bridging-Header.h"; sourceTree = "<group>"; };
		DEDB2485218DF5F200F07F42 /* StringExtension.swift */ = {isa = PBXFileReference; fileEncoding = 4; lastKnownFileType = sourcecode.swift; path = StringExtension.swift; sourceTree = "<group>"; };
		DEDB2486218DF5F200F07F42 /* ElastosWallet.swift */ = {isa = PBXFileReference; fileEncoding = 4; lastKnownFileType = sourcecode.swift; path = ElastosWallet.swift; sourceTree = "<group>"; };
		DEDB248B218DF66900F07F42 /* Elastos.Wallet.Utility.framework */ = {isa = PBXFileReference; lastKnownFileType = wrapper.framework; name = Elastos.Wallet.Utility.framework; path = frameworks/Elastos.Wallet.Utility.framework; sourceTree = "<group>"; };
		DEDB248C218DF66900F07F42 /* openssl.framework */ = {isa = PBXFileReference; lastKnownFileType = wrapper.framework; name = openssl.framework; path = frameworks/openssl.framework; sourceTree = "<group>"; };
		DEDB2493218DF71C00F07F42 /* test.app */ = {isa = PBXFileReference; explicitFileType = wrapper.application; includeInIndex = 0; path = test.app; sourceTree = BUILT_PRODUCTS_DIR; };
		DEDB2495218DF71C00F07F42 /* AppDelegate.swift */ = {isa = PBXFileReference; lastKnownFileType = sourcecode.swift; path = AppDelegate.swift; sourceTree = "<group>"; };
		DEDB2497218DF71C00F07F42 /* ViewController.swift */ = {isa = PBXFileReference; lastKnownFileType = sourcecode.swift; path = ViewController.swift; sourceTree = "<group>"; };
		DEDB249A218DF71C00F07F42 /* Base */ = {isa = PBXFileReference; lastKnownFileType = file.storyboard; name = Base; path = Base.lproj/Main.storyboard; sourceTree = "<group>"; };
		DEDB249C218DF71D00F07F42 /* Assets.xcassets */ = {isa = PBXFileReference; lastKnownFileType = folder.assetcatalog; path = Assets.xcassets; sourceTree = "<group>"; };
		DEDB249F218DF71D00F07F42 /* Base */ = {isa = PBXFileReference; lastKnownFileType = file.storyboard; name = Base; path = Base.lproj/LaunchScreen.storyboard; sourceTree = "<group>"; };
		DEDB24A1218DF71D00F07F42 /* Info.plist */ = {isa = PBXFileReference; lastKnownFileType = text.plist.xml; path = Info.plist; sourceTree = "<group>"; };
/* End PBXFileReference section */

/* Begin PBXFrameworksBuildPhase section */
		DED5255A218DF4C800619F59 /* Frameworks */ = {
			isa = PBXFrameworksBuildPhase;
			buildActionMask = 2147483647;
			files = (
				DEDB248D218DF66900F07F42 /* Elastos.Wallet.Utility.framework in Frameworks */,
				DEDB248E218DF66900F07F42 /* openssl.framework in Frameworks */,
			);
			runOnlyForDeploymentPostprocessing = 0;
		};
		DEDB2490218DF71C00F07F42 /* Frameworks */ = {
			isa = PBXFrameworksBuildPhase;
			buildActionMask = 2147483647;
			files = (
				DEB1DBFC218E091700824003 /* ElastosWalletLib.framework in Frameworks */,
			);
			runOnlyForDeploymentPostprocessing = 0;
		};
/* End PBXFrameworksBuildPhase section */

/* Begin PBXGroup section */
		DED52553218DF4C800619F59 = {
			isa = PBXGroup;
			children = (
				DED5255F218DF4C800619F59 /* Elastos.ORG.Wallet.Lib */,
				DEDB2494218DF71C00F07F42 /* test */,
				DED5255E218DF4C800619F59 /* Products */,
				DEDB248A218DF66900F07F42 /* Frameworks */,
			);
			sourceTree = "<group>";
		};
		DED5255E218DF4C800619F59 /* Products */ = {
			isa = PBXGroup;
			children = (
				DED5255D218DF4C800619F59 /* ElastosWalletLib.framework */,
				DEDB2493218DF71C00F07F42 /* test.app */,
			);
			name = Products;
			sourceTree = "<group>";
		};
		DED5255F218DF4C800619F59 /* Elastos.ORG.Wallet.Lib */ = {
			isa = PBXGroup;
			children = (
				DEDB2484218DF5F200F07F42 /* Elastos.ORG.Wallet.Lib.iOS-Bridging-Header.h */,
				DEDB2486218DF5F200F07F42 /* ElastosWallet.swift */,
				DEDB2485218DF5F200F07F42 /* StringExtension.swift */,
				DED52560218DF4C800619F59 /* Elastos_ORG_Wallet_Lib.h */,
				DED52561218DF4C800619F59 /* Info.plist */,
			);
			path = Elastos.ORG.Wallet.Lib;
			sourceTree = "<group>";
		};
		DEDB248A218DF66900F07F42 /* Frameworks */ = {
			isa = PBXGroup;
			children = (
				DEB1DBFB218E091700824003 /* ElastosWalletLib.framework */,
				DEDB248B218DF66900F07F42 /* Elastos.Wallet.Utility.framework */,
				DEDB248C218DF66900F07F42 /* openssl.framework */,
			);
			name = Frameworks;
			sourceTree = "<group>";
		};
		DEDB2494218DF71C00F07F42 /* test */ = {
			isa = PBXGroup;
			children = (
				DEDB2495218DF71C00F07F42 /* AppDelegate.swift */,
				DEDB2497218DF71C00F07F42 /* ViewController.swift */,
				DEDB2499218DF71C00F07F42 /* Main.storyboard */,
				DEDB249C218DF71D00F07F42 /* Assets.xcassets */,
				DEDB249E218DF71D00F07F42 /* LaunchScreen.storyboard */,
				DEDB24A1218DF71D00F07F42 /* Info.plist */,
			);
			path = test;
			sourceTree = "<group>";
		};
/* End PBXGroup section */

/* Begin PBXHeadersBuildPhase section */
		DED52558218DF4C800619F59 /* Headers */ = {
			isa = PBXHeadersBuildPhase;
			buildActionMask = 2147483647;
			files = (
				DED52562218DF4C800619F59 /* Elastos_ORG_Wallet_Lib.h in Headers */,
				DEDB24A7218DF76100F07F42 /* ElastosWallet.swift in Headers */,
			);
			runOnlyForDeploymentPostprocessing = 0;
		};
/* End PBXHeadersBuildPhase section */

/* Begin PBXNativeTarget section */
		DED5255C218DF4C800619F59 /* Elastos.ORG.Wallet.Lib.iOS */ = {
			isa = PBXNativeTarget;
			buildConfigurationList = DED52565218DF4C800619F59 /* Build configuration list for PBXNativeTarget "Elastos.ORG.Wallet.Lib.iOS" */;
			buildPhases = (
				DED52558218DF4C800619F59 /* Headers */,
				DED52559218DF4C800619F59 /* Sources */,
				DED5255A218DF4C800619F59 /* Frameworks */,
				DED5255B218DF4C800619F59 /* Resources */,
			);
			buildRules = (
			);
			dependencies = (
			);
			name = Elastos.ORG.Wallet.Lib.iOS;
			productName = Elastos.ORG.Wallet.Lib;
			productReference = DED5255D218DF4C800619F59 /* ElastosWalletLib.framework */;
			productType = "com.apple.product-type.framework";
		};
		DEDB2492218DF71C00F07F42 /* test */ = {
			isa = PBXNativeTarget;
			buildConfigurationList = DEDB24A2218DF71D00F07F42 /* Build configuration list for PBXNativeTarget "test" */;
			buildPhases = (
				DEDB248F218DF71C00F07F42 /* Sources */,
				DEDB2490218DF71C00F07F42 /* Frameworks */,
				DEDB2491218DF71C00F07F42 /* Resources */,
				DEB1DBFF218E0A6700824003 /* Embed Frameworks */,
			);
			buildRules = (
			);
			dependencies = (
			);
			name = test;
			productName = test;
			productReference = DEDB2493218DF71C00F07F42 /* test.app */;
			productType = "com.apple.product-type.application";
		};
/* End PBXNativeTarget section */

/* Begin PBXProject section */
		DED52554218DF4C800619F59 /* Project object */ = {
			isa = PBXProject;
			attributes = {
				LastSwiftUpdateCheck = 1010;
				LastUpgradeCheck = 1010;
				ORGANIZATIONNAME = Elastos;
				TargetAttributes = {
					DED5255C218DF4C800619F59 = {
						CreatedOnToolsVersion = 10.1;
						LastSwiftMigration = 1010;
					};
					DEDB2492218DF71C00F07F42 = {
						CreatedOnToolsVersion = 10.1;
					};
				};
			};
			buildConfigurationList = DED52557218DF4C800619F59 /* Build configuration list for PBXProject "Elastos.ORG.Wallet.Lib.iOS" */;
			compatibilityVersion = "Xcode 9.3";
			developmentRegion = en;
			hasScannedForEncodings = 0;
			knownRegions = (
				en,
				Base,
			);
			mainGroup = DED52553218DF4C800619F59;
			productRefGroup = DED5255E218DF4C800619F59 /* Products */;
			projectDirPath = "";
			projectRoot = "";
			targets = (
				DED5255C218DF4C800619F59 /* Elastos.ORG.Wallet.Lib.iOS */,
				DEDB2492218DF71C00F07F42 /* test */,
			);
		};
/* End PBXProject section */

/* Begin PBXResourcesBuildPhase section */
		DED5255B218DF4C800619F59 /* Resources */ = {
			isa = PBXResourcesBuildPhase;
			buildActionMask = 2147483647;
			files = (
			);
			runOnlyForDeploymentPostprocessing = 0;
		};
		DEDB2491218DF71C00F07F42 /* Resources */ = {
			isa = PBXResourcesBuildPhase;
			buildActionMask = 2147483647;
			files = (
				DEDB24A0218DF71D00F07F42 /* LaunchScreen.storyboard in Resources */,
				DEDB249D218DF71D00F07F42 /* Assets.xcassets in Resources */,
				DEDB249B218DF71C00F07F42 /* Main.storyboard in Resources */,
			);
			runOnlyForDeploymentPostprocessing = 0;
		};
/* End PBXResourcesBuildPhase section */

/* Begin PBXSourcesBuildPhase section */
		DED52559218DF4C800619F59 /* Sources */ = {
			isa = PBXSourcesBuildPhase;
			buildActionMask = 2147483647;
			files = (
				DEDB2489218DF5F300F07F42 /* ElastosWallet.swift in Sources */,
				DEDB2488218DF5F300F07F42 /* StringExtension.swift in Sources */,
			);
			runOnlyForDeploymentPostprocessing = 0;
		};
		DEDB248F218DF71C00F07F42 /* Sources */ = {
			isa = PBXSourcesBuildPhase;
			buildActionMask = 2147483647;
			files = (
				DEDB2498218DF71C00F07F42 /* ViewController.swift in Sources */,
				DEDB2496218DF71C00F07F42 /* AppDelegate.swift in Sources */,
			);
			runOnlyForDeploymentPostprocessing = 0;
		};
/* End PBXSourcesBuildPhase section */

/* Begin PBXVariantGroup section */
		DEDB2499218DF71C00F07F42 /* Main.storyboard */ = {
			isa = PBXVariantGroup;
			children = (
				DEDB249A218DF71C00F07F42 /* Base */,
			);
			name = Main.storyboard;
			sourceTree = "<group>";
		};
		DEDB249E218DF71D00F07F42 /* LaunchScreen.storyboard */ = {
			isa = PBXVariantGroup;
			children = (
				DEDB249F218DF71D00F07F42 /* Base */,
			);
			name = LaunchScreen.storyboard;
			sourceTree = "<group>";
		};
/* End PBXVariantGroup section */

/* Begin XCBuildConfiguration section */
		DED52563218DF4C800619F59 /* Debug */ = {
			isa = XCBuildConfiguration;
			buildSettings = {
				ALWAYS_SEARCH_USER_PATHS = NO;
				CLANG_ANALYZER_NONNULL = YES;
				CLANG_ANALYZER_NUMBER_OBJECT_CONVERSION = YES_AGGRESSIVE;
				CLANG_CXX_LANGUAGE_STANDARD = "gnu++14";
				CLANG_CXX_LIBRARY = "libc++";
				CLANG_ENABLE_MODULES = YES;
				CLANG_ENABLE_OBJC_ARC = YES;
				CLANG_ENABLE_OBJC_WEAK = YES;
				CLANG_WARN_BLOCK_CAPTURE_AUTORELEASING = YES;
				CLANG_WARN_BOOL_CONVERSION = YES;
				CLANG_WARN_COMMA = YES;
				CLANG_WARN_CONSTANT_CONVERSION = YES;
				CLANG_WARN_DEPRECATED_OBJC_IMPLEMENTATIONS = YES;
				CLANG_WARN_DIRECT_OBJC_ISA_USAGE = YES_ERROR;
				CLANG_WARN_DOCUMENTATION_COMMENTS = YES;
				CLANG_WARN_EMPTY_BODY = YES;
				CLANG_WARN_ENUM_CONVERSION = YES;
				CLANG_WARN_INFINITE_RECURSION = YES;
				CLANG_WARN_INT_CONVERSION = YES;
				CLANG_WARN_NON_LITERAL_NULL_CONVERSION = YES;
				CLANG_WARN_OBJC_IMPLICIT_RETAIN_SELF = YES;
				CLANG_WARN_OBJC_LITERAL_CONVERSION = YES;
				CLANG_WARN_OBJC_ROOT_CLASS = YES_ERROR;
				CLANG_WARN_RANGE_LOOP_ANALYSIS = YES;
				CLANG_WARN_STRICT_PROTOTYPES = YES;
				CLANG_WARN_SUSPICIOUS_MOVE = YES;
				CLANG_WARN_UNGUARDED_AVAILABILITY = YES_AGGRESSIVE;
				CLANG_WARN_UNREACHABLE_CODE = YES;
				CLANG_WARN__DUPLICATE_METHOD_MATCH = YES;
				CODE_SIGN_IDENTITY = "iPhone Developer";
				COPY_PHASE_STRIP = NO;
				CURRENT_PROJECT_VERSION = 1;
				DEBUG_INFORMATION_FORMAT = dwarf;
				ENABLE_STRICT_OBJC_MSGSEND = YES;
				ENABLE_TESTABILITY = YES;
				GCC_C_LANGUAGE_STANDARD = gnu11;
				GCC_DYNAMIC_NO_PIC = NO;
				GCC_NO_COMMON_BLOCKS = YES;
				GCC_OPTIMIZATION_LEVEL = 0;
				GCC_PREPROCESSOR_DEFINITIONS = (
					"DEBUG=1",
					"$(inherited)",
				);
				GCC_WARN_64_TO_32_BIT_CONVERSION = YES;
				GCC_WARN_ABOUT_RETURN_TYPE = YES_ERROR;
				GCC_WARN_UNDECLARED_SELECTOR = YES;
				GCC_WARN_UNINITIALIZED_AUTOS = YES_AGGRESSIVE;
				GCC_WARN_UNUSED_FUNCTION = YES;
				GCC_WARN_UNUSED_VARIABLE = YES;
				IPHONEOS_DEPLOYMENT_TARGET = 12.1;
				MTL_ENABLE_DEBUG_INFO = INCLUDE_SOURCE;
				MTL_FAST_MATH = YES;
				ONLY_ACTIVE_ARCH = YES;
				SDKROOT = iphoneos;
				SWIFT_ACTIVE_COMPILATION_CONDITIONS = DEBUG;
				SWIFT_OPTIMIZATION_LEVEL = "-Onone";
				VERSIONING_SYSTEM = "apple-generic";
				VERSION_INFO_PREFIX = "";
			};
			name = Debug;
		};
		DED52564218DF4C800619F59 /* Release */ = {
			isa = XCBuildConfiguration;
			buildSettings = {
				ALWAYS_SEARCH_USER_PATHS = NO;
				CLANG_ANALYZER_NONNULL = YES;
				CLANG_ANALYZER_NUMBER_OBJECT_CONVERSION = YES_AGGRESSIVE;
				CLANG_CXX_LANGUAGE_STANDARD = "gnu++14";
				CLANG_CXX_LIBRARY = "libc++";
				CLANG_ENABLE_MODULES = YES;
				CLANG_ENABLE_OBJC_ARC = YES;
				CLANG_ENABLE_OBJC_WEAK = YES;
				CLANG_WARN_BLOCK_CAPTURE_AUTORELEASING = YES;
				CLANG_WARN_BOOL_CONVERSION = YES;
				CLANG_WARN_COMMA = YES;
				CLANG_WARN_CONSTANT_CONVERSION = YES;
				CLANG_WARN_DEPRECATED_OBJC_IMPLEMENTATIONS = YES;
				CLANG_WARN_DIRECT_OBJC_ISA_USAGE = YES_ERROR;
				CLANG_WARN_DOCUMENTATION_COMMENTS = YES;
				CLANG_WARN_EMPTY_BODY = YES;
				CLANG_WARN_ENUM_CONVERSION = YES;
				CLANG_WARN_INFINITE_RECURSION = YES;
				CLANG_WARN_INT_CONVERSION = YES;
				CLANG_WARN_NON_LITERAL_NULL_CONVERSION = YES;
				CLANG_WARN_OBJC_IMPLICIT_RETAIN_SELF = YES;
				CLANG_WARN_OBJC_LITERAL_CONVERSION = YES;
				CLANG_WARN_OBJC_ROOT_CLASS = YES_ERROR;
				CLANG_WARN_RANGE_LOOP_ANALYSIS = YES;
				CLANG_WARN_STRICT_PROTOTYPES = YES;
				CLANG_WARN_SUSPICIOUS_MOVE = YES;
				CLANG_WARN_UNGUARDED_AVAILABILITY = YES_AGGRESSIVE;
				CLANG_WARN_UNREACHABLE_CODE = YES;
				CLANG_WARN__DUPLICATE_METHOD_MATCH = YES;
				CODE_SIGN_IDENTITY = "iPhone Developer";
				COPY_PHASE_STRIP = NO;
				CURRENT_PROJECT_VERSION = 1;
				DEBUG_INFORMATION_FORMAT = "dwarf-with-dsym";
				ENABLE_NS_ASSERTIONS = NO;
				ENABLE_STRICT_OBJC_MSGSEND = YES;
				GCC_C_LANGUAGE_STANDARD = gnu11;
				GCC_NO_COMMON_BLOCKS = YES;
				GCC_WARN_64_TO_32_BIT_CONVERSION = YES;
				GCC_WARN_ABOUT_RETURN_TYPE = YES_ERROR;
				GCC_WARN_UNDECLARED_SELECTOR = YES;
				GCC_WARN_UNINITIALIZED_AUTOS = YES_AGGRESSIVE;
				GCC_WARN_UNUSED_FUNCTION = YES;
				GCC_WARN_UNUSED_VARIABLE = YES;
				IPHONEOS_DEPLOYMENT_TARGET = 12.1;
				MTL_ENABLE_DEBUG_INFO = NO;
				MTL_FAST_MATH = YES;
				SDKROOT = iphoneos;
				SWIFT_COMPILATION_MODE = wholemodule;
				SWIFT_OPTIMIZATION_LEVEL = "-O";
				VALIDATE_PRODUCT = YES;
				VERSIONING_SYSTEM = "apple-generic";
				VERSION_INFO_PREFIX = "";
			};
			name = Release;
		};
		DED52566218DF4C800619F59 /* Debug */ = {
			isa = XCBuildConfiguration;
			buildSettings = {
				CLANG_ENABLE_MODULES = YES;
				CODE_SIGN_IDENTITY = "";
				CODE_SIGN_STYLE = Automatic;
				DEFINES_MODULE = YES;
				DEVELOPMENT_TEAM = LFU7T9UYL5;
				DYLIB_COMPATIBILITY_VERSION = 1;
				DYLIB_CURRENT_VERSION = 1;
				DYLIB_INSTALL_NAME_BASE = "@rpath";
				ENABLE_BITCODE = NO;
				FRAMEWORK_SEARCH_PATHS = (
					"$(inherited)",
					"$(PROJECT_DIR)/frameworks",
				);
				INFOPLIST_FILE = Elastos.ORG.Wallet.Lib/Info.plist;
				INSTALL_PATH = "$(LOCAL_LIBRARY_DIR)/Frameworks";
				LD_RUNPATH_SEARCH_PATHS = (
					"$(inherited)",
					"@executable_path/Frameworks",
					"@loader_path/Frameworks",
				);
				OTHER_LDFLAGS = "-lstdc++";
				PRODUCT_BUNDLE_IDENTIFIER = "org.elastos.Elastos-ORG-Wallet-Lib";
				PRODUCT_NAME = ElastosWalletLib;
				SKIP_INSTALL = YES;
				SWIFT_OBJC_BRIDGING_HEADER = "Elastos.ORG.Wallet.Lib/Elastos.ORG.Wallet.Lib.iOS-Bridging-Header.h";
				SWIFT_OPTIMIZATION_LEVEL = "-Onone";
				SWIFT_VERSION = 4.2;
				TARGETED_DEVICE_FAMILY = "1,2";
			};
			name = Debug;
		};
		DED52567218DF4C800619F59 /* Release */ = {
			isa = XCBuildConfiguration;
			buildSettings = {
				CLANG_ENABLE_MODULES = YES;
				CODE_SIGN_IDENTITY = "";
				CODE_SIGN_STYLE = Automatic;
				DEFINES_MODULE = YES;
				DEVELOPMENT_TEAM = LFU7T9UYL5;
				DYLIB_COMPATIBILITY_VERSION = 1;
				DYLIB_CURRENT_VERSION = 1;
				DYLIB_INSTALL_NAME_BASE = "@rpath";
				ENABLE_BITCODE = NO;
				FRAMEWORK_SEARCH_PATHS = (
					"$(inherited)",
					"$(PROJECT_DIR)/frameworks",
				);
				INFOPLIST_FILE = Elastos.ORG.Wallet.Lib/Info.plist;
				INSTALL_PATH = "$(LOCAL_LIBRARY_DIR)/Frameworks";
				LD_RUNPATH_SEARCH_PATHS = (
					"$(inherited)",
					"@executable_path/Frameworks",
					"@loader_path/Frameworks",
				);
				OTHER_LDFLAGS = "-lstdc++";
				PRODUCT_BUNDLE_IDENTIFIER = "org.elastos.Elastos-ORG-Wallet-Lib";
				PRODUCT_NAME = ElastosWalletLib;
				SKIP_INSTALL = YES;
				SWIFT_OBJC_BRIDGING_HEADER = "Elastos.ORG.Wallet.Lib/Elastos.ORG.Wallet.Lib.iOS-Bridging-Header.h";
				SWIFT_VERSION = 4.2;
				TARGETED_DEVICE_FAMILY = "1,2";
			};
			name = Release;
		};
		DEDB24A3218DF71D00F07F42 /* Debug */ = {
			isa = XCBuildConfiguration;
			buildSettings = {
				ASSETCATALOG_COMPILER_APPICON_NAME = AppIcon;
				CODE_SIGN_STYLE = Automatic;
				DEVELOPMENT_TEAM = LFU7T9UYL5;
				ENABLE_BITCODE = NO;
				FRAMEWORK_SEARCH_PATHS = (
					"$(inherited)",
					"$(PROJECT_DIR)/build/Release-iphoneos",
				);
				INFOPLIST_FILE = test/Info.plist;
				LD_RUNPATH_SEARCH_PATHS = (
					"$(inherited)",
					"@executable_path/Frameworks",
				);
				PRODUCT_BUNDLE_IDENTIFIER = org.elastos.test;
				PRODUCT_NAME = "$(TARGET_NAME)";
				SWIFT_VERSION = 4.2;
				TARGETED_DEVICE_FAMILY = "1,2";
			};
			name = Debug;
		};
		DEDB24A4218DF71D00F07F42 /* Release */ = {
			isa = XCBuildConfiguration;
			buildSettings = {
				ASSETCATALOG_COMPILER_APPICON_NAME = AppIcon;
				CODE_SIGN_STYLE = Automatic;
				DEVELOPMENT_TEAM = LFU7T9UYL5;
				ENABLE_BITCODE = NO;
				FRAMEWORK_SEARCH_PATHS = (
					"$(inherited)",
					"$(PROJECT_DIR)/build/Release-iphoneos",
				);
				INFOPLIST_FILE = test/Info.plist;
				LD_RUNPATH_SEARCH_PATHS = (
					"$(inherited)",
					"@executable_path/Frameworks",
				);
				PRODUCT_BUNDLE_IDENTIFIER = org.elastos.test;
				PRODUCT_NAME = "$(TARGET_NAME)";
				SWIFT_VERSION = 4.2;
				TARGETED_DEVICE_FAMILY = "1,2";
			};
			name = Release;
		};
/* End XCBuildConfiguration section */

/* Begin XCConfigurationList section */
		DED52557218DF4C800619F59 /* Build configuration list for PBXProject "Elastos.ORG.Wallet.Lib.iOS" */ = {
			isa = XCConfigurationList;
			buildConfigurations = (
				DED52563218DF4C800619F59 /* Debug */,
				DED52564218DF4C800619F59 /* Release */,
			);
			defaultConfigurationIsVisible = 0;
			defaultConfigurationName = Release;
		};
		DED52565218DF4C800619F59 /* Build configuration list for PBXNativeTarget "Elastos.ORG.Wallet.Lib.iOS" */ = {
			isa = XCConfigurationList;
			buildConfigurations = (
				DED52566218DF4C800619F59 /* Debug */,
				DED52567218DF4C800619F59 /* Release */,
			);
			defaultConfigurationIsVisible = 0;
			defaultConfigurationName = Release;
		};
		DEDB24A2218DF71D00F07F42 /* Build configuration list for PBXNativeTarget "test" */ = {
			isa = XCConfigurationList;
			buildConfigurations = (
				DEDB24A3218DF71D00F07F42 /* Debug */,
				DEDB24A4218DF71D00F07F42 /* Release */,
			);
			defaultConfigurationIsVisible = 0;
			defaultConfigurationName = Release;
		};
/* End XCConfigurationList section */
	};
	rootObject = DED52554218DF4C800619F59 /* Project object */;
}
